
Microsoft Visual Studio Solution File, Format Version 12.00
# Visual Studio Version 17
VisualStudioVersion = 17.11.35303.130
MinimumVisualStudioVersion = 10.0.40219.1
Project("{FAE04EC0-301F-11D3-BF4B-00C04F79EFBC}") = "OSA File Management System", "OSA File Management System\OSA File Management System.csproj", "{E6FEF642-1735-4D39-9F7A-3693EB93A005}"
EndProject
Global
	GlobalSection(SolutionConfigurationPlatforms) = preSolution
		Debug|Any CPU = Debug|Any CPU
		Release|Any CPU = Release|Any CPU
	EndGlobalSection
	GlobalSection(ProjectConfigurationPlatforms) = postSolution
		{E6FEF642-1735-4D39-9F7A-3693EB93A005}.Debug|Any CPU.ActiveCfg = Debug|Any CPU
		{E6FEF642-1735-4D39-9F7A-3693EB93A005}.Debug|Any CPU.Build.0 = Debug|Any CPU
		{E6FEF642-1735-4D39-9F7A-3693EB93A005}.Release|Any CPU.ActiveCfg = Release|Any CPU
		{E6FEF642-1735-4D39-9F7A-3693EB93A005}.Release|Any CPU.Build.0 = Release|Any CPU
	EndGlobalSection
	GlobalSection(SolutionProperties) = preSolution
		HideSolutionNode = FALSE
	EndGlobalSection
	GlobalSection(ExtensibilityGlobals) = postSolution
		SolutionGuid = {C15084A6-54A6-452D-99E7-9058011DCEE0}
	EndGlobalSection
EndGlobal
